# This file is automatically @generated by Cargo.
# It is not intended for manual editing.
version = 3

[[package]]
name = "bench_rust"
version = "0.1.0"
dependencies = [
 "pilator",
]

[[package]]
name = "pilator"
version = "0.1.0"
source = "git+https://github.com/MatteoPossamai/pilator.git#030cff55d99c2362c7e4ce52a2e599345a673056"
